
Microsoft Visual Studio Solution File, Format Version 12.00
# Visual Studio Version 16
VisualStudioVersion = 16.0.30717.126
MinimumVisualStudioVersion = 10.0.40219.1
Project("{FAE04EC0-301F-11D3-BF4B-00C04F79EFBC}") = "WebEngine", "WebEngine\WebEngine.csproj", "{1B721D5E-E5E4-4A95-9AA8-62A9255FDA07}"
EndProject
Project("{00D1A9C2-B5F0-4AF3-8072-F6C62B433612}") = "WebEngine.Database", "WebEngine.Database\WebEngine.Database.sqlproj", "{69D50A1A-1D2F-4CD7-89E9-45793B6BB128}"
EndProject
Global
	GlobalSection(SolutionConfigurationPlatforms) = preSolution
		Debug|Any CPU = Debug|Any CPU
		Release|Any CPU = Release|Any CPU
	EndGlobalSection
	GlobalSection(ProjectConfigurationPlatforms) = postSolution
		{1B721D5E-E5E4-4A95-9AA8-62A9255FDA07}.Debug|Any CPU.ActiveCfg = Debug|Any CPU
		{1B721D5E-E5E4-4A95-9AA8-62A9255FDA07}.Debug|Any CPU.Build.0 = Debug|Any CPU
		{1B721D5E-E5E4-4A95-9AA8-62A9255FDA07}.Release|Any CPU.ActiveCfg = Release|Any CPU
		{1B721D5E-E5E4-4A95-9AA8-62A9255FDA07}.Release|Any CPU.Build.0 = Release|Any CPU
		{69D50A1A-1D2F-4CD7-89E9-45793B6BB128}.Debug|Any CPU.ActiveCfg = Debug|Any CPU
		{69D50A1A-1D2F-4CD7-89E9-45793B6BB128}.Debug|Any CPU.Build.0 = Debug|Any CPU
		{69D50A1A-1D2F-4CD7-89E9-45793B6BB128}.Debug|Any CPU.Deploy.0 = Debug|Any CPU
		{69D50A1A-1D2F-4CD7-89E9-45793B6BB128}.Release|Any CPU.ActiveCfg = Release|Any CPU
		{69D50A1A-1D2F-4CD7-89E9-45793B6BB128}.Release|Any CPU.Build.0 = Release|Any CPU
		{69D50A1A-1D2F-4CD7-89E9-45793B6BB128}.Release|Any CPU.Deploy.0 = Release|Any CPU
	EndGlobalSection
	GlobalSection(SolutionProperties) = preSolution
		HideSolutionNode = FALSE
	EndGlobalSection
	GlobalSection(ExtensibilityGlobals) = postSolution
		SolutionGuid = {BF09A6F0-FB7C-4B68-85DB-66FE86D353EC}
	EndGlobalSection
EndGlobal
